
Microsoft Visual Studio Solution File, Format Version 12.00
# Visual Studio Version 17
VisualStudioVersion = 17.7.34018.315
MinimumVisualStudioVersion = 10.0.40219.1
Project("{FAE04EC0-301F-11D3-BF4B-00C04F79EFBC}") = "Authentication_Service", "Authentication_Service\Authentication_Service.csproj", "{DCB121A8-6E00-4658-AFD5-59AA98FCC613}"
EndProject
Global
	GlobalSection(SolutionConfigurationPlatforms) = preSolution
		Debug|Any CPU = Debug|Any CPU
		Release|Any CPU = Release|Any CPU
	EndGlobalSection
	GlobalSection(ProjectConfigurationPlatforms) = postSolution
		{DCB121A8-6E00-4658-AFD5-59AA98FCC613}.Debug|Any CPU.ActiveCfg = Debug|Any CPU
		{DCB121A8-6E00-4658-AFD5-59AA98FCC613}.Debug|Any CPU.Build.0 = Debug|Any CPU
		{DCB121A8-6E00-4658-AFD5-59AA98FCC613}.Release|Any CPU.ActiveCfg = Release|Any CPU
		{DCB121A8-6E00-4658-AFD5-59AA98FCC613}.Release|Any CPU.Build.0 = Release|Any CPU
	EndGlobalSection
	GlobalSection(SolutionProperties) = preSolution
		HideSolutionNode = FALSE
	EndGlobalSection
	GlobalSection(ExtensibilityGlobals) = postSolution
		SolutionGuid = {7347AD8C-9F23-4451-9368-720D8402EA93}
	EndGlobalSection
EndGlobal
